
Microsoft Visual Studio Solution File, Format Version 12.00
# Visual Studio Version 17
VisualStudioVersion = 17.12.35527.113
MinimumVisualStudioVersion = 10.0.40219.1
Project("{FAE04EC0-301F-11D3-BF4B-00C04F79EFBC}") = "HW_FOR_TMS", "HW_FOR_TMS\HW_FOR_TMS.csproj", "{2872059B-58A0-44F3-9949-2288050360EC}"
EndProject
Project("{FAE04EC0-301F-11D3-BF4B-00C04F79EFBC}") = "Array_Present", "Array_Present\Array_Present.csproj", "{87E88FBF-C476-4C5F-88AE-D0500C2D452F}"
EndProject
Global
	GlobalSection(SolutionConfigurationPlatforms) = preSolution
		Debug|Any CPU = Debug|Any CPU
		Release|Any CPU = Release|Any CPU
	EndGlobalSection
	GlobalSection(ProjectConfigurationPlatforms) = postSolution
		{2872059B-58A0-44F3-9949-2288050360EC}.Debug|Any CPU.ActiveCfg = Debug|Any CPU
		{2872059B-58A0-44F3-9949-2288050360EC}.Debug|Any CPU.Build.0 = Debug|Any CPU
		{2872059B-58A0-44F3-9949-2288050360EC}.Release|Any CPU.ActiveCfg = Release|Any CPU
		{2872059B-58A0-44F3-9949-2288050360EC}.Release|Any CPU.Build.0 = Release|Any CPU
		{87E88FBF-C476-4C5F-88AE-D0500C2D452F}.Debug|Any CPU.ActiveCfg = Debug|Any CPU
		{87E88FBF-C476-4C5F-88AE-D0500C2D452F}.Debug|Any CPU.Build.0 = Debug|Any CPU
		{87E88FBF-C476-4C5F-88AE-D0500C2D452F}.Release|Any CPU.ActiveCfg = Release|Any CPU
		{87E88FBF-C476-4C5F-88AE-D0500C2D452F}.Release|Any CPU.Build.0 = Release|Any CPU
	EndGlobalSection
	GlobalSection(SolutionProperties) = preSolution
		HideSolutionNode = FALSE
	EndGlobalSection
EndGlobal
